
Microsoft Visual Studio Solution File, Format Version 12.00
# Visual Studio Version 17
VisualStudioVersion = 17.14.36121.58 d17.14
MinimumVisualStudioVersion = 10.0.40219.1
Project("{FAE04EC0-301F-11D3-BF4B-00C04F79EFBC}") = "SuperMarket", "SuperMarket\SuperMarket.csproj", "{C225BA9A-F9B1-41AF-8034-6167A031C44C}"
EndProject
Global
	GlobalSection(SolutionConfigurationPlatforms) = preSolution
		Debug|Any CPU = Debug|Any CPU
		Release|Any CPU = Release|Any CPU
	EndGlobalSection
	GlobalSection(ProjectConfigurationPlatforms) = postSolution
		{C225BA9A-F9B1-41AF-8034-6167A031C44C}.Debug|Any CPU.ActiveCfg = Debug|Any CPU
		{C225BA9A-F9B1-41AF-8034-6167A031C44C}.Debug|Any CPU.Build.0 = Debug|Any CPU
		{C225BA9A-F9B1-41AF-8034-6167A031C44C}.Release|Any CPU.ActiveCfg = Release|Any CPU
		{C225BA9A-F9B1-41AF-8034-6167A031C44C}.Release|Any CPU.Build.0 = Release|Any CPU
	EndGlobalSection
	GlobalSection(SolutionProperties) = preSolution
		HideSolutionNode = FALSE
	EndGlobalSection
	GlobalSection(ExtensibilityGlobals) = postSolution
		SolutionGuid = {E4C48892-C22C-40B2-8B55-09710F9F8827}
	EndGlobalSection
EndGlobal
